# This file is automatically @generated by Cargo.
# It is not intended for manual editing.
version = 3

[[package]]
name = "assembly-line"
version = "0.1.0"

[[package]]
name = "cfg-if"
version = "0.1.10"
source = "registry+https://github.com/rust-lang/crates.io-index"
checksum = "4785bdd1c96b2a846b2bd7cc02e86b6b3dbf14e7e53446c4f54c92a361040822"

[[package]]
name = "enum-iterator"
version = "1.2.0"
source = "registry+https://github.com/rust-lang/crates.io-index"
checksum = "91a4ec26efacf4aeff80887a175a419493cb6f8b5480d26387eb0bd038976187"
dependencies = [
 "enum-iterator-derive",
]

[[package]]
name = "enum-iterator-derive"
version = "1.1.0"
source = "registry+https://github.com/rust-lang/crates.io-index"
checksum = "828de45d0ca18782232dfb8f3ea9cc428e8ced380eb26a520baaacfc70de39ce"
dependencies = [
 "proc-macro2",
 "quote",
 "syn",
]

[[package]]
name = "health_statistics"
version = "0.1.0"

[[package]]
name = "int-enum"
version = "0.4.0"
source = "registry+https://github.com/rust-lang/crates.io-index"
checksum = "2b1428b2b1abe959e6eedb0a17d0ab12f6ba20e1106cc29fc4874e3ba393c177"
dependencies = [
 "cfg-if",
 "int-enum-impl",
]

[[package]]
name = "int-enum-impl"
version = "0.4.0"
source = "registry+https://github.com/rust-lang/crates.io-index"
checksum = "a2c3cecaad8ca1a5020843500c696de2b9a07b63b624ddeef91f85f9bafb3671"
dependencies = [
 "cfg-if",
 "proc-macro-crate",
 "proc-macro2",
 "quote",
 "syn",
]

[[package]]
name = "low_power_embedded_game"
version = "0.1.0"

[[package]]
name = "lucians-luscious-lasagna"
version = "0.1.0"

[[package]]
name = "magazine_cutout"
version = "0.1.0"

[[package]]
name = "proc-macro-crate"
version = "0.1.5"
source = "registry+https://github.com/rust-lang/crates.io-index"
checksum = "1d6ea3c4595b96363c13943497db34af4460fb474a95c43f4446ad341b8c9785"
dependencies = [
 "toml",
]

[[package]]
name = "proc-macro2"
version = "1.0.43"
source = "registry+https://github.com/rust-lang/crates.io-index"
checksum = "0a2ca2c61bc9f3d74d2886294ab7b9853abd9c1ad903a3ac7815c58989bb7bab"
dependencies = [
 "unicode-ident",
]

[[package]]
name = "quote"
version = "1.0.21"
source = "registry+https://github.com/rust-lang/crates.io-index"
checksum = "bbe448f377a7d6961e30f5955f9b8d106c3f5e449d493ee1b125c1d43c2b5179"
dependencies = [
 "proc-macro2",
]

[[package]]
name = "resistor-color"
version = "1.0.0"
dependencies = [
 "enum-iterator",
 "int-enum",
]

[[package]]
name = "role_playing_game"
version = "0.1.0"

[[package]]
name = "rpn_calculator"
version = "0.1.0"

[[package]]
name = "semi_structured_logs"
version = "0.1.0"

[[package]]
name = "serde"
version = "1.0.145"
source = "registry+https://github.com/rust-lang/crates.io-index"
checksum = "728eb6351430bccb993660dfffc5a72f91ccc1295abaa8ce19b27ebe4f75568b"

[[package]]
name = "short_fibonacci"
version = "0.1.0"

[[package]]
name = "sublist"
version = "0.0.0"

[[package]]
name = "syn"
version = "1.0.100"
source = "registry+https://github.com/rust-lang/crates.io-index"
checksum = "52205623b1b0f064a4e71182c3b18ae902267282930c6d5462c91b859668426e"
dependencies = [
 "proc-macro2",
 "quote",
 "unicode-ident",
]

[[package]]
name = "toml"
version = "0.5.9"
source = "registry+https://github.com/rust-lang/crates.io-index"
checksum = "8d82e1a7758622a465f8cee077614c73484dac5b836c02ff6a40d5d1010324d7"
dependencies = [
 "serde",
]

[[package]]
name = "unicode-ident"
version = "1.0.4"
source = "registry+https://github.com/rust-lang/crates.io-index"
checksum = "dcc811dc4066ac62f84f11307873c4850cb653bfa9b1719cee2bd2204a4bc5dd"
